// !$*UTF8*$!
{
	archiveVersion = 1;
	classes = {
	};
	objectVersion = 55;
	objects = {

/* Begin PBXBuildFile section */
		0773797825B14002A0813844 /* Pods_geo_reminder_geo_reminderUITests.framework in Frameworks */ = {isa = PBXBuildFile; fileRef = D98E15A733E09477CD452228 /* Pods_geo_reminder_geo_reminderUITests.framework */; };
		35675AAE28B9479B0031F771 /* MapViewModel.swift in Sources */ = {isa = PBXBuildFile; fileRef = 35675AAD28B9479B0031F771 /* MapViewModel.swift */; };
		35675AB028B9523F0031F771 /* NotesController.swift in Sources */ = {isa = PBXBuildFile; fileRef = 35675AAF28B9523F0031F771 /* NotesController.swift */; };
		35675AB228B9524C0031F771 /* NotesPresenter.swift in Sources */ = {isa = PBXBuildFile; fileRef = 35675AB128B9524C0031F771 /* NotesPresenter.swift */; };
		35675AB528B952670031F771 /* NotesView.swift in Sources */ = {isa = PBXBuildFile; fileRef = 35675AB428B952670031F771 /* NotesView.swift */; };
		35675AB728B9527D0031F771 /* NotesContract.swift in Sources */ = {isa = PBXBuildFile; fileRef = 35675AB628B9527D0031F771 /* NotesContract.swift */; };
		35675AB928B9528A0031F771 /* NotesConfigurator.swift in Sources */ = {isa = PBXBuildFile; fileRef = 35675AB828B9528A0031F771 /* NotesConfigurator.swift */; };
		357AAEE228AA6D2400A1FDED /* SpeechRecognitionViewController.swift in Sources */ = {isa = PBXBuildFile; fileRef = 357AAEE128AA6D2400A1FDED /* SpeechRecognitionViewController.swift */; };
		357AAEE428AA6D3700A1FDED /* SpeechRecognitionView.swift in Sources */ = {isa = PBXBuildFile; fileRef = 357AAEE328AA6D3700A1FDED /* SpeechRecognitionView.swift */; };
		357AAEE628AA6D4400A1FDED /* SpeechRecognitionContract.swift in Sources */ = {isa = PBXBuildFile; fileRef = 357AAEE528AA6D4400A1FDED /* SpeechRecognitionContract.swift */; };
		357AAEE828AA6D5600A1FDED /* SpeechRecognitionConfigurator.swift in Sources */ = {isa = PBXBuildFile; fileRef = 357AAEE728AA6D5600A1FDED /* SpeechRecognitionConfigurator.swift */; };
		357AAEEA28AA6D6100A1FDED /* SpeechRecognitionPresenter.swift in Sources */ = {isa = PBXBuildFile; fileRef = 357AAEE928AA6D6100A1FDED /* SpeechRecognitionPresenter.swift */; };
		35856081628F925BB7D3E04F /* Pods_geo_reminderTests.framework in Frameworks */ = {isa = PBXBuildFile; fileRef = 0271D206819F2E29B4FA08CB /* Pods_geo_reminderTests.framework */; };
		35B0B51F28B0C5FF000BF01B /* DataManager.swift in Sources */ = {isa = PBXBuildFile; fileRef = 35B0B51E28B0C5FF000BF01B /* DataManager.swift */; };
		35B0B52128B0C692000BF01B /* Note.swift in Sources */ = {isa = PBXBuildFile; fileRef = 35B0B52028B0C692000BF01B /* Note.swift */; };
		35B0B52428B0C845000BF01B /* NoteEntity.swift in Sources */ = {isa = PBXBuildFile; fileRef = 35B0B52328B0C845000BF01B /* NoteEntity.swift */; };
		35D07C9028AAA0DE007C82DB /* CoreDataService.swift in Sources */ = {isa = PBXBuildFile; fileRef = 35D07C8F28AAA0DE007C82DB /* CoreDataService.swift */; };
		35F0A920289FC2B30011C7C1 /* AppDelegate.swift in Sources */ = {isa = PBXBuildFile; fileRef = 35F0A91F289FC2B30011C7C1 /* AppDelegate.swift */; };
		35F0A922289FC2B30011C7C1 /* SceneDelegate.swift in Sources */ = {isa = PBXBuildFile; fileRef = 35F0A921289FC2B30011C7C1 /* SceneDelegate.swift */; };
		35F0A924289FC2B30011C7C1 /* ViewController.swift in Sources */ = {isa = PBXBuildFile; fileRef = 35F0A923289FC2B30011C7C1 /* ViewController.swift */; };
		35F0A92A289FC2B30011C7C1 /* geo_reminder.xcdatamodeld in Sources */ = {isa = PBXBuildFile; fileRef = 35F0A928289FC2B30011C7C1 /* geo_reminder.xcdatamodeld */; };
		35F0A92C289FC2B50011C7C1 /* Assets.xcassets in Resources */ = {isa = PBXBuildFile; fileRef = 35F0A92B289FC2B50011C7C1 /* Assets.xcassets */; };
		35F0A92F289FC2B50011C7C1 /* LaunchScreen.storyboard in Resources */ = {isa = PBXBuildFile; fileRef = 35F0A92D289FC2B50011C7C1 /* LaunchScreen.storyboard */; };
		35F0A93A289FC2B50011C7C1 /* geo_reminderTests.swift in Sources */ = {isa = PBXBuildFile; fileRef = 35F0A939289FC2B50011C7C1 /* geo_reminderTests.swift */; };
		35F0A944289FC2B50011C7C1 /* geo_reminderUITests.swift in Sources */ = {isa = PBXBuildFile; fileRef = 35F0A943289FC2B50011C7C1 /* geo_reminderUITests.swift */; };
		35F0A946289FC2B50011C7C1 /* geo_reminderUITestsLaunchTests.swift in Sources */ = {isa = PBXBuildFile; fileRef = 35F0A945289FC2B50011C7C1 /* geo_reminderUITestsLaunchTests.swift */; };
		35F0A954289FC9A00011C7C1 /* Coordinator.swift in Sources */ = {isa = PBXBuildFile; fileRef = 35F0A953289FC9A00011C7C1 /* Coordinator.swift */; };
		35F0A956289FCA130011C7C1 /* Coordinable.swift in Sources */ = {isa = PBXBuildFile; fileRef = 35F0A955289FCA130011C7C1 /* Coordinable.swift */; };
		35F0A95A289FCAC80011C7C1 /* MapConfigurator.swift in Sources */ = {isa = PBXBuildFile; fileRef = 35F0A959289FCAC80011C7C1 /* MapConfigurator.swift */; };
		35F0A95C289FCB0F0011C7C1 /* MapContract.swift in Sources */ = {isa = PBXBuildFile; fileRef = 35F0A95B289FCB0F0011C7C1 /* MapContract.swift */; };
		35F0A95E289FCB460011C7C1 /* MapPresenter.swift in Sources */ = {isa = PBXBuildFile; fileRef = 35F0A95D289FCB460011C7C1 /* MapPresenter.swift */; };
		35F0A962289FCBF80011C7C1 /* MapViewController.swift in Sources */ = {isa = PBXBuildFile; fileRef = 35F0A961289FCBF80011C7C1 /* MapViewController.swift */; };
		35F0A964289FCC110011C7C1 /* MapView.swift in Sources */ = {isa = PBXBuildFile; fileRef = 35F0A963289FCC110011C7C1 /* MapView.swift */; };
		EFB3EFD1411FD47E710849F0 /* Pods_geo_reminder.framework in Frameworks */ = {isa = PBXBuildFile; fileRef = CAAF4342669D0E0CE431D722 /* Pods_geo_reminder.framework */; };
/* End PBXBuildFile section */

/* Begin PBXContainerItemProxy section */
		35F0A936289FC2B50011C7C1 /* PBXContainerItemProxy */ = {
			isa = PBXContainerItemProxy;
			containerPortal = 35F0A914289FC2B30011C7C1 /* Project object */;
			proxyType = 1;
			remoteGlobalIDString = 35F0A91B289FC2B30011C7C1;
			remoteInfo = "geo-reminder";
		};
		35F0A940289FC2B50011C7C1 /* PBXContainerItemProxy */ = {
			isa = PBXContainerItemProxy;
			containerPortal = 35F0A914289FC2B30011C7C1 /* Project object */;
			proxyType = 1;
			remoteGlobalIDString = 35F0A91B289FC2B30011C7C1;
			remoteInfo = "geo-reminder";
		};
/* End PBXContainerItemProxy section */

/* Begin PBXFileReference section */
		0271D206819F2E29B4FA08CB /* Pods_geo_reminderTests.framework */ = {isa = PBXFileReference; explicitFileType = wrapper.framework; includeInIndex = 0; path = Pods_geo_reminderTests.framework; sourceTree = BUILT_PRODUCTS_DIR; };
		0B46941B10AFEEA3D3C3F031 /* Pods-geo-reminderTests.debug.xcconfig */ = {isa = PBXFileReference; includeInIndex = 1; lastKnownFileType = text.xcconfig; name = "Pods-geo-reminderTests.debug.xcconfig"; path = "Target Support Files/Pods-geo-reminderTests/Pods-geo-reminderTests.debug.xcconfig"; sourceTree = "<group>"; };
		18AEE8652C57CBB13C275AD0 /* Pods-geo-reminderTests.release.xcconfig */ = {isa = PBXFileReference; includeInIndex = 1; lastKnownFileType = text.xcconfig; name = "Pods-geo-reminderTests.release.xcconfig"; path = "Target Support Files/Pods-geo-reminderTests/Pods-geo-reminderTests.release.xcconfig"; sourceTree = "<group>"; };
		35675AAD28B9479B0031F771 /* MapViewModel.swift */ = {isa = PBXFileReference; lastKnownFileType = sourcecode.swift; path = MapViewModel.swift; sourceTree = "<group>"; };
		35675AAF28B9523F0031F771 /* NotesController.swift */ = {isa = PBXFileReference; lastKnownFileType = sourcecode.swift; path = NotesController.swift; sourceTree = "<group>"; };
		35675AB128B9524C0031F771 /* NotesPresenter.swift */ = {isa = PBXFileReference; lastKnownFileType = sourcecode.swift; path = NotesPresenter.swift; sourceTree = "<group>"; };
		35675AB428B952670031F771 /* NotesView.swift */ = {isa = PBXFileReference; lastKnownFileType = sourcecode.swift; path = NotesView.swift; sourceTree = "<group>"; };
		35675AB628B9527D0031F771 /* NotesContract.swift */ = {isa = PBXFileReference; lastKnownFileType = sourcecode.swift; path = NotesContract.swift; sourceTree = "<group>"; };
		35675AB828B9528A0031F771 /* NotesConfigurator.swift */ = {isa = PBXFileReference; lastKnownFileType = sourcecode.swift; path = NotesConfigurator.swift; sourceTree = "<group>"; };
		357AAEE128AA6D2400A1FDED /* SpeechRecognitionViewController.swift */ = {isa = PBXFileReference; lastKnownFileType = sourcecode.swift; path = SpeechRecognitionViewController.swift; sourceTree = "<group>"; };
		357AAEE328AA6D3700A1FDED /* SpeechRecognitionView.swift */ = {isa = PBXFileReference; lastKnownFileType = sourcecode.swift; path = SpeechRecognitionView.swift; sourceTree = "<group>"; };
		357AAEE528AA6D4400A1FDED /* SpeechRecognitionContract.swift */ = {isa = PBXFileReference; lastKnownFileType = sourcecode.swift; path = SpeechRecognitionContract.swift; sourceTree = "<group>"; };
		357AAEE728AA6D5600A1FDED /* SpeechRecognitionConfigurator.swift */ = {isa = PBXFileReference; lastKnownFileType = sourcecode.swift; path = SpeechRecognitionConfigurator.swift; sourceTree = "<group>"; };
		357AAEE928AA6D6100A1FDED /* SpeechRecognitionPresenter.swift */ = {isa = PBXFileReference; lastKnownFileType = sourcecode.swift; path = SpeechRecognitionPresenter.swift; sourceTree = "<group>"; };
		35B0B51E28B0C5FF000BF01B /* DataManager.swift */ = {isa = PBXFileReference; lastKnownFileType = sourcecode.swift; path = DataManager.swift; sourceTree = "<group>"; };
		35B0B52028B0C692000BF01B /* Note.swift */ = {isa = PBXFileReference; lastKnownFileType = sourcecode.swift; path = Note.swift; sourceTree = "<group>"; };
		35B0B52328B0C845000BF01B /* NoteEntity.swift */ = {isa = PBXFileReference; lastKnownFileType = sourcecode.swift; path = NoteEntity.swift; sourceTree = "<group>"; };
		35D07C8F28AAA0DE007C82DB /* CoreDataService.swift */ = {isa = PBXFileReference; lastKnownFileType = sourcecode.swift; path = CoreDataService.swift; sourceTree = "<group>"; };
		35F0A91C289FC2B30011C7C1 /* geo-reminder.app */ = {isa = PBXFileReference; explicitFileType = wrapper.application; includeInIndex = 0; path = "geo-reminder.app"; sourceTree = BUILT_PRODUCTS_DIR; };
		35F0A91F289FC2B30011C7C1 /* AppDelegate.swift */ = {isa = PBXFileReference; lastKnownFileType = sourcecode.swift; path = AppDelegate.swift; sourceTree = "<group>"; };
		35F0A921289FC2B30011C7C1 /* SceneDelegate.swift */ = {isa = PBXFileReference; lastKnownFileType = sourcecode.swift; path = SceneDelegate.swift; sourceTree = "<group>"; };
		35F0A923289FC2B30011C7C1 /* ViewController.swift */ = {isa = PBXFileReference; lastKnownFileType = sourcecode.swift; path = ViewController.swift; sourceTree = "<group>"; };
		35F0A929289FC2B30011C7C1 /* geo_reminder.xcdatamodel */ = {isa = PBXFileReference; lastKnownFileType = wrapper.xcdatamodel; path = geo_reminder.xcdatamodel; sourceTree = "<group>"; };
		35F0A92B289FC2B50011C7C1 /* Assets.xcassets */ = {isa = PBXFileReference; lastKnownFileType = folder.assetcatalog; path = Assets.xcassets; sourceTree = "<group>"; };
		35F0A92E289FC2B50011C7C1 /* Base */ = {isa = PBXFileReference; lastKnownFileType = file.storyboard; name = Base; path = Base.lproj/LaunchScreen.storyboard; sourceTree = "<group>"; };
		35F0A930289FC2B50011C7C1 /* Info.plist */ = {isa = PBXFileReference; lastKnownFileType = text.plist.xml; path = Info.plist; sourceTree = "<group>"; };
		35F0A935289FC2B50011C7C1 /* geo-reminderTests.xctest */ = {isa = PBXFileReference; explicitFileType = wrapper.cfbundle; includeInIndex = 0; path = "geo-reminderTests.xctest"; sourceTree = BUILT_PRODUCTS_DIR; };
		35F0A939289FC2B50011C7C1 /* geo_reminderTests.swift */ = {isa = PBXFileReference; lastKnownFileType = sourcecode.swift; path = geo_reminderTests.swift; sourceTree = "<group>"; };
		35F0A93F289FC2B50011C7C1 /* geo-reminderUITests.xctest */ = {isa = PBXFileReference; explicitFileType = wrapper.cfbundle; includeInIndex = 0; path = "geo-reminderUITests.xctest"; sourceTree = BUILT_PRODUCTS_DIR; };
		35F0A943289FC2B50011C7C1 /* geo_reminderUITests.swift */ = {isa = PBXFileReference; lastKnownFileType = sourcecode.swift; path = geo_reminderUITests.swift; sourceTree = "<group>"; };
		35F0A945289FC2B50011C7C1 /* geo_reminderUITestsLaunchTests.swift */ = {isa = PBXFileReference; lastKnownFileType = sourcecode.swift; path = geo_reminderUITestsLaunchTests.swift; sourceTree = "<group>"; };
		35F0A953289FC9A00011C7C1 /* Coordinator.swift */ = {isa = PBXFileReference; lastKnownFileType = sourcecode.swift; path = Coordinator.swift; sourceTree = "<group>"; };
		35F0A955289FCA130011C7C1 /* Coordinable.swift */ = {isa = PBXFileReference; lastKnownFileType = sourcecode.swift; path = Coordinable.swift; sourceTree = "<group>"; };
		35F0A959289FCAC80011C7C1 /* MapConfigurator.swift */ = {isa = PBXFileReference; lastKnownFileType = sourcecode.swift; path = MapConfigurator.swift; sourceTree = "<group>"; };
		35F0A95B289FCB0F0011C7C1 /* MapContract.swift */ = {isa = PBXFileReference; lastKnownFileType = sourcecode.swift; path = MapContract.swift; sourceTree = "<group>"; };
		35F0A95D289FCB460011C7C1 /* MapPresenter.swift */ = {isa = PBXFileReference; lastKnownFileType = sourcecode.swift; path = MapPresenter.swift; sourceTree = "<group>"; };
		35F0A961289FCBF80011C7C1 /* MapViewController.swift */ = {isa = PBXFileReference; lastKnownFileType = sourcecode.swift; path = MapViewController.swift; sourceTree = "<group>"; };
		35F0A963289FCC110011C7C1 /* MapView.swift */ = {isa = PBXFileReference; lastKnownFileType = sourcecode.swift; path = MapView.swift; sourceTree = "<group>"; };
		381C2730099B4A2DCF34B78E /* Pods-geo-reminder-geo-reminderUITests.release.xcconfig */ = {isa = PBXFileReference; includeInIndex = 1; lastKnownFileType = text.xcconfig; name = "Pods-geo-reminder-geo-reminderUITests.release.xcconfig"; path = "Target Support Files/Pods-geo-reminder-geo-reminderUITests/Pods-geo-reminder-geo-reminderUITests.release.xcconfig"; sourceTree = "<group>"; };
		7C4CB80B93F41E448748E212 /* Pods-geo-reminder.debug.xcconfig */ = {isa = PBXFileReference; includeInIndex = 1; lastKnownFileType = text.xcconfig; name = "Pods-geo-reminder.debug.xcconfig"; path = "Target Support Files/Pods-geo-reminder/Pods-geo-reminder.debug.xcconfig"; sourceTree = "<group>"; };
		7F8ACD0DB673F7EC13D54B3D /* Pods-geo-reminder.release.xcconfig */ = {isa = PBXFileReference; includeInIndex = 1; lastKnownFileType = text.xcconfig; name = "Pods-geo-reminder.release.xcconfig"; path = "Target Support Files/Pods-geo-reminder/Pods-geo-reminder.release.xcconfig"; sourceTree = "<group>"; };
		8F11902D01532366F5CA1C03 /* Pods-geo-reminder-geo-reminderUITests.debug.xcconfig */ = {isa = PBXFileReference; includeInIndex = 1; lastKnownFileType = text.xcconfig; name = "Pods-geo-reminder-geo-reminderUITests.debug.xcconfig"; path = "Target Support Files/Pods-geo-reminder-geo-reminderUITests/Pods-geo-reminder-geo-reminderUITests.debug.xcconfig"; sourceTree = "<group>"; };
		CAAF4342669D0E0CE431D722 /* Pods_geo_reminder.framework */ = {isa = PBXFileReference; explicitFileType = wrapper.framework; includeInIndex = 0; path = Pods_geo_reminder.framework; sourceTree = BUILT_PRODUCTS_DIR; };
		D98E15A733E09477CD452228 /* Pods_geo_reminder_geo_reminderUITests.framework */ = {isa = PBXFileReference; explicitFileType = wrapper.framework; includeInIndex = 0; path = Pods_geo_reminder_geo_reminderUITests.framework; sourceTree = BUILT_PRODUCTS_DIR; };
/* End PBXFileReference section */

/* Begin PBXFrameworksBuildPhase section */
		35F0A919289FC2B30011C7C1 /* Frameworks */ = {
			isa = PBXFrameworksBuildPhase;
			buildActionMask = 2147483647;
			files = (
				EFB3EFD1411FD47E710849F0 /* Pods_geo_reminder.framework in Frameworks */,
			);
			runOnlyForDeploymentPostprocessing = 0;
		};
		35F0A932289FC2B50011C7C1 /* Frameworks */ = {
			isa = PBXFrameworksBuildPhase;
			buildActionMask = 2147483647;
			files = (
				35856081628F925BB7D3E04F /* Pods_geo_reminderTests.framework in Frameworks */,
			);
			runOnlyForDeploymentPostprocessing = 0;
		};
		35F0A93C289FC2B50011C7C1 /* Frameworks */ = {
			isa = PBXFrameworksBuildPhase;
			buildActionMask = 2147483647;
			files = (
				0773797825B14002A0813844 /* Pods_geo_reminder_geo_reminderUITests.framework in Frameworks */,
			);
			runOnlyForDeploymentPostprocessing = 0;
		};
/* End PBXFrameworksBuildPhase section */

/* Begin PBXGroup section */
		357AAEE028AA6CEF00A1FDED /* SpeechRecognition */ = {
			isa = PBXGroup;
			children = (
				357AAEE128AA6D2400A1FDED /* SpeechRecognitionViewController.swift */,
				357AAEE328AA6D3700A1FDED /* SpeechRecognitionView.swift */,
				357AAEE528AA6D4400A1FDED /* SpeechRecognitionContract.swift */,
				357AAEE728AA6D5600A1FDED /* SpeechRecognitionConfigurator.swift */,
				357AAEE928AA6D6100A1FDED /* SpeechRecognitionPresenter.swift */,
			);
			path = SpeechRecognition;
			sourceTree = "<group>";
		};
		35B0B52228B0C69A000BF01B /* Entities */ = {
			isa = PBXGroup;
			children = (
				35B0B52328B0C845000BF01B /* NoteEntity.swift */,
			);
			path = Entities;
			sourceTree = "<group>";
		};
		35D07C8D28AAA000007C82DB /* Notes */ = {
			isa = PBXGroup;
			children = (
				35675AAF28B9523F0031F771 /* NotesController.swift */,
				35675AB128B9524C0031F771 /* NotesPresenter.swift */,
				35675AB428B952670031F771 /* NotesView.swift */,
				35675AB628B9527D0031F771 /* NotesContract.swift */,
				35675AB828B9528A0031F771 /* NotesConfigurator.swift */,
			);
			path = Notes;
			sourceTree = "<group>";
		};
		35D07C8E28AAA0C4007C82DB /* Services */ = {
			isa = PBXGroup;
			children = (
				35D07C8F28AAA0DE007C82DB /* CoreDataService.swift */,
				35B0B51E28B0C5FF000BF01B /* DataManager.swift */,
			);
			path = Services;
			sourceTree = "<group>";
		};
		35D07C9128AAA532007C82DB /* Models */ = {
			isa = PBXGroup;
			children = (
				35B0B52028B0C692000BF01B /* Note.swift */,
			);
			path = Models;
			sourceTree = "<group>";
		};
		35F0A913289FC2B30011C7C1 = {
			isa = PBXGroup;
			children = (
				35F0A91E289FC2B30011C7C1 /* geo-reminder */,
				35F0A938289FC2B50011C7C1 /* geo-reminderTests */,
				35F0A942289FC2B50011C7C1 /* geo-reminderUITests */,
				35F0A91D289FC2B30011C7C1 /* Products */,
				5C28BE36100938CE83C56780 /* Pods */,
				4B36E96F89B64618F54E0829 /* Frameworks */,
			);
			sourceTree = "<group>";
		};
		35F0A91D289FC2B30011C7C1 /* Products */ = {
			isa = PBXGroup;
			children = (
				35F0A91C289FC2B30011C7C1 /* geo-reminder.app */,
				35F0A935289FC2B50011C7C1 /* geo-reminderTests.xctest */,
				35F0A93F289FC2B50011C7C1 /* geo-reminderUITests.xctest */,
			);
			name = Products;
			sourceTree = "<group>";
		};
		35F0A91E289FC2B30011C7C1 /* geo-reminder */ = {
			isa = PBXGroup;
			children = (
				35B0B52228B0C69A000BF01B /* Entities */,
				35D07C9128AAA532007C82DB /* Models */,
				35D07C8E28AAA0C4007C82DB /* Services */,
				35F0A957289FCAB20011C7C1 /* Scenes */,
				35F0A952289FC98F0011C7C1 /* Coordinators */,
				35F0A91F289FC2B30011C7C1 /* AppDelegate.swift */,
				35F0A921289FC2B30011C7C1 /* SceneDelegate.swift */,
				35F0A923289FC2B30011C7C1 /* ViewController.swift */,
				35F0A92B289FC2B50011C7C1 /* Assets.xcassets */,
				35F0A92D289FC2B50011C7C1 /* LaunchScreen.storyboard */,
				35F0A930289FC2B50011C7C1 /* Info.plist */,
				35F0A928289FC2B30011C7C1 /* geo_reminder.xcdatamodeld */,
			);
			path = "geo-reminder";
			sourceTree = "<group>";
		};
		35F0A938289FC2B50011C7C1 /* geo-reminderTests */ = {
			isa = PBXGroup;
			children = (
				35F0A939289FC2B50011C7C1 /* geo_reminderTests.swift */,
			);
			path = "geo-reminderTests";
			sourceTree = "<group>";
		};
		35F0A942289FC2B50011C7C1 /* geo-reminderUITests */ = {
			isa = PBXGroup;
			children = (
				35F0A943289FC2B50011C7C1 /* geo_reminderUITests.swift */,
				35F0A945289FC2B50011C7C1 /* geo_reminderUITestsLaunchTests.swift */,
			);
			path = "geo-reminderUITests";
			sourceTree = "<group>";
		};
		35F0A952289FC98F0011C7C1 /* Coordinators */ = {
			isa = PBXGroup;
			children = (
				35F0A953289FC9A00011C7C1 /* Coordinator.swift */,
				35F0A955289FCA130011C7C1 /* Coordinable.swift */,
			);
			path = Coordinators;
			sourceTree = "<group>";
		};
		35F0A957289FCAB20011C7C1 /* Scenes */ = {
			isa = PBXGroup;
			children = (
				35D07C8D28AAA000007C82DB /* Notes */,
				357AAEE028AA6CEF00A1FDED /* SpeechRecognition */,
				35F0A958289FCAB90011C7C1 /* Map */,
			);
			path = Scenes;
			sourceTree = "<group>";
		};
		35F0A958289FCAB90011C7C1 /* Map */ = {
			isa = PBXGroup;
			children = (
				35F0A959289FCAC80011C7C1 /* MapConfigurator.swift */,
				35F0A95B289FCB0F0011C7C1 /* MapContract.swift */,
				35F0A95D289FCB460011C7C1 /* MapPresenter.swift */,
				35F0A961289FCBF80011C7C1 /* MapViewController.swift */,
				35F0A963289FCC110011C7C1 /* MapView.swift */,
				35675AAD28B9479B0031F771 /* MapViewModel.swift */,
			);
			path = Map;
			sourceTree = "<group>";
		};
		4B36E96F89B64618F54E0829 /* Frameworks */ = {
			isa = PBXGroup;
			children = (
				CAAF4342669D0E0CE431D722 /* Pods_geo_reminder.framework */,
				D98E15A733E09477CD452228 /* Pods_geo_reminder_geo_reminderUITests.framework */,
				0271D206819F2E29B4FA08CB /* Pods_geo_reminderTests.framework */,
			);
			name = Frameworks;
			sourceTree = "<group>";
		};
		5C28BE36100938CE83C56780 /* Pods */ = {
			isa = PBXGroup;
			children = (
				7C4CB80B93F41E448748E212 /* Pods-geo-reminder.debug.xcconfig */,
				7F8ACD0DB673F7EC13D54B3D /* Pods-geo-reminder.release.xcconfig */,
				8F11902D01532366F5CA1C03 /* Pods-geo-reminder-geo-reminderUITests.debug.xcconfig */,
				381C2730099B4A2DCF34B78E /* Pods-geo-reminder-geo-reminderUITests.release.xcconfig */,
				0B46941B10AFEEA3D3C3F031 /* Pods-geo-reminderTests.debug.xcconfig */,
				18AEE8652C57CBB13C275AD0 /* Pods-geo-reminderTests.release.xcconfig */,
			);
			path = Pods;
			sourceTree = "<group>";
		};
/* End PBXGroup section */

/* Begin PBXNativeTarget section */
		35F0A91B289FC2B30011C7C1 /* geo-reminder */ = {
			isa = PBXNativeTarget;
			buildConfigurationList = 35F0A949289FC2B50011C7C1 /* Build configuration list for PBXNativeTarget "geo-reminder" */;
			buildPhases = (
				58A92D3B26652D8C14175902 /* [CP] Check Pods Manifest.lock */,
				35F0A918289FC2B30011C7C1 /* Sources */,
				35F0A919289FC2B30011C7C1 /* Frameworks */,
				35F0A91A289FC2B30011C7C1 /* Resources */,
				1E138F70CDE03BE97A328FDF /* [CP] Embed Pods Frameworks */,
			);
			buildRules = (
			);
			dependencies = (
			);
			name = "geo-reminder";
			productName = "geo-reminder";
			productReference = 35F0A91C289FC2B30011C7C1 /* geo-reminder.app */;
			productType = "com.apple.product-type.application";
		};
		35F0A934289FC2B50011C7C1 /* geo-reminderTests */ = {
			isa = PBXNativeTarget;
			buildConfigurationList = 35F0A94C289FC2B50011C7C1 /* Build configuration list for PBXNativeTarget "geo-reminderTests" */;
			buildPhases = (
				B5F2A3DBC75D6E50E06B2944 /* [CP] Check Pods Manifest.lock */,
				35F0A931289FC2B50011C7C1 /* Sources */,
				35F0A932289FC2B50011C7C1 /* Frameworks */,
				35F0A933289FC2B50011C7C1 /* Resources */,
			);
			buildRules = (
			);
			dependencies = (
				35F0A937289FC2B50011C7C1 /* PBXTargetDependency */,
			);
			name = "geo-reminderTests";
			productName = "geo-reminderTests";
			productReference = 35F0A935289FC2B50011C7C1 /* geo-reminderTests.xctest */;
			productType = "com.apple.product-type.bundle.unit-test";
		};
		35F0A93E289FC2B50011C7C1 /* geo-reminderUITests */ = {
			isa = PBXNativeTarget;
			buildConfigurationList = 35F0A94F289FC2B50011C7C1 /* Build configuration list for PBXNativeTarget "geo-reminderUITests" */;
			buildPhases = (
				62A16FBB1155897B6F9B48E6 /* [CP] Check Pods Manifest.lock */,
				35F0A93B289FC2B50011C7C1 /* Sources */,
				35F0A93C289FC2B50011C7C1 /* Frameworks */,
				35F0A93D289FC2B50011C7C1 /* Resources */,
				6CFF06F0E6D4E59BB9E840DB /* [CP] Embed Pods Frameworks */,
			);
			buildRules = (
			);
			dependencies = (
				35F0A941289FC2B50011C7C1 /* PBXTargetDependency */,
			);
			name = "geo-reminderUITests";
			productName = "geo-reminderUITests";
			productReference = 35F0A93F289FC2B50011C7C1 /* geo-reminderUITests.xctest */;
			productType = "com.apple.product-type.bundle.ui-testing";
		};
/* End PBXNativeTarget section */

/* Begin PBXProject section */
		35F0A914289FC2B30011C7C1 /* Project object */ = {
			isa = PBXProject;
			attributes = {
				BuildIndependentTargetsInParallel = 1;
				LastSwiftUpdateCheck = 1340;
				LastUpgradeCheck = 1340;
				TargetAttributes = {
					35F0A91B289FC2B30011C7C1 = {
						CreatedOnToolsVersion = 13.4.1;
					};
					35F0A934289FC2B50011C7C1 = {
						CreatedOnToolsVersion = 13.4.1;
						TestTargetID = 35F0A91B289FC2B30011C7C1;
					};
					35F0A93E289FC2B50011C7C1 = {
						CreatedOnToolsVersion = 13.4.1;
						TestTargetID = 35F0A91B289FC2B30011C7C1;
					};
				};
			};
			buildConfigurationList = 35F0A917289FC2B30011C7C1 /* Build configuration list for PBXProject "geo-reminder" */;
			compatibilityVersion = "Xcode 13.0";
			developmentRegion = en;
			hasScannedForEncodings = 0;
			knownRegions = (
				en,
				Base,
			);
			mainGroup = 35F0A913289FC2B30011C7C1;
			productRefGroup = 35F0A91D289FC2B30011C7C1 /* Products */;
			projectDirPath = "";
			projectRoot = "";
			targets = (
				35F0A91B289FC2B30011C7C1 /* geo-reminder */,
				35F0A934289FC2B50011C7C1 /* geo-reminderTests */,
				35F0A93E289FC2B50011C7C1 /* geo-reminderUITests */,
			);
		};
/* End PBXProject section */

/* Begin PBXResourcesBuildPhase section */
		35F0A91A289FC2B30011C7C1 /* Resources */ = {
			isa = PBXResourcesBuildPhase;
			buildActionMask = 2147483647;
			files = (
				35F0A92F289FC2B50011C7C1 /* LaunchScreen.storyboard in Resources */,
				35F0A92C289FC2B50011C7C1 /* Assets.xcassets in Resources */,
			);
			runOnlyForDeploymentPostprocessing = 0;
		};
		35F0A933289FC2B50011C7C1 /* Resources */ = {
			isa = PBXResourcesBuildPhase;
			buildActionMask = 2147483647;
			files = (
			);
			runOnlyForDeploymentPostprocessing = 0;
		};
		35F0A93D289FC2B50011C7C1 /* Resources */ = {
			isa = PBXResourcesBuildPhase;
			buildActionMask = 2147483647;
			files = (
			);
			runOnlyForDeploymentPostprocessing = 0;
		};
/* End PBXResourcesBuildPhase section */

/* Begin PBXShellScriptBuildPhase section */
		1E138F70CDE03BE97A328FDF /* [CP] Embed Pods Frameworks */ = {
			isa = PBXShellScriptBuildPhase;
			buildActionMask = 2147483647;
			files = (
			);
			inputFileListPaths = (
				"${PODS_ROOT}/Target Support Files/Pods-geo-reminder/Pods-geo-reminder-frameworks-${CONFIGURATION}-input-files.xcfilelist",
			);
			name = "[CP] Embed Pods Frameworks";
			outputFileListPaths = (
				"${PODS_ROOT}/Target Support Files/Pods-geo-reminder/Pods-geo-reminder-frameworks-${CONFIGURATION}-output-files.xcfilelist",
			);
			runOnlyForDeploymentPostprocessing = 0;
			shellPath = /bin/sh;
			shellScript = "\"${PODS_ROOT}/Target Support Files/Pods-geo-reminder/Pods-geo-reminder-frameworks.sh\"\n";
			showEnvVarsInLog = 0;
		};
		58A92D3B26652D8C14175902 /* [CP] Check Pods Manifest.lock */ = {
			isa = PBXShellScriptBuildPhase;
			buildActionMask = 2147483647;
			files = (
			);
			inputFileListPaths = (
			);
			inputPaths = (
				"${PODS_PODFILE_DIR_PATH}/Podfile.lock",
				"${PODS_ROOT}/Manifest.lock",
			);
			name = "[CP] Check Pods Manifest.lock";
			outputFileListPaths = (
			);
			outputPaths = (
				"$(DERIVED_FILE_DIR)/Pods-geo-reminder-checkManifestLockResult.txt",
			);
			runOnlyForDeploymentPostprocessing = 0;
			shellPath = /bin/sh;
			shellScript = "diff \"${PODS_PODFILE_DIR_PATH}/Podfile.lock\" \"${PODS_ROOT}/Manifest.lock\" > /dev/null\nif [ $? != 0 ] ; then\n    # print error to STDERR\n    echo \"error: The sandbox is not in sync with the Podfile.lock. Run 'pod install' or update your CocoaPods installation.\" >&2\n    exit 1\nfi\n# This output is used by Xcode 'outputs' to avoid re-running this script phase.\necho \"SUCCESS\" > \"${SCRIPT_OUTPUT_FILE_0}\"\n";
			showEnvVarsInLog = 0;
		};
		62A16FBB1155897B6F9B48E6 /* [CP] Check Pods Manifest.lock */ = {
			isa = PBXShellScriptBuildPhase;
			buildActionMask = 2147483647;
			files = (
			);
			inputFileListPaths = (
			);
			inputPaths = (
				"${PODS_PODFILE_DIR_PATH}/Podfile.lock",
				"${PODS_ROOT}/Manifest.lock",
			);
			name = "[CP] Check Pods Manifest.lock";
			outputFileListPaths = (
			);
			outputPaths = (
				"$(DERIVED_FILE_DIR)/Pods-geo-reminder-geo-reminderUITests-checkManifestLockResult.txt",
			);
			runOnlyForDeploymentPostprocessing = 0;
			shellPath = /bin/sh;
			shellScript = "diff \"${PODS_PODFILE_DIR_PATH}/Podfile.lock\" \"${PODS_ROOT}/Manifest.lock\" > /dev/null\nif [ $? != 0 ] ; then\n    # print error to STDERR\n    echo \"error: The sandbox is not in sync with the Podfile.lock. Run 'pod install' or update your CocoaPods installation.\" >&2\n    exit 1\nfi\n# This output is used by Xcode 'outputs' to avoid re-running this script phase.\necho \"SUCCESS\" > \"${SCRIPT_OUTPUT_FILE_0}\"\n";
			showEnvVarsInLog = 0;
		};
		6CFF06F0E6D4E59BB9E840DB /* [CP] Embed Pods Frameworks */ = {
			isa = PBXShellScriptBuildPhase;
			buildActionMask = 2147483647;
			files = (
			);
			inputFileListPaths = (
				"${PODS_ROOT}/Target Support Files/Pods-geo-reminder-geo-reminderUITests/Pods-geo-reminder-geo-reminderUITests-frameworks-${CONFIGURATION}-input-files.xcfilelist",
			);
			name = "[CP] Embed Pods Frameworks";
			outputFileListPaths = (
				"${PODS_ROOT}/Target Support Files/Pods-geo-reminder-geo-reminderUITests/Pods-geo-reminder-geo-reminderUITests-frameworks-${CONFIGURATION}-output-files.xcfilelist",
			);
			runOnlyForDeploymentPostprocessing = 0;
			shellPath = /bin/sh;
			shellScript = "\"${PODS_ROOT}/Target Support Files/Pods-geo-reminder-geo-reminderUITests/Pods-geo-reminder-geo-reminderUITests-frameworks.sh\"\n";
			showEnvVarsInLog = 0;
		};
		B5F2A3DBC75D6E50E06B2944 /* [CP] Check Pods Manifest.lock */ = {
			isa = PBXShellScriptBuildPhase;
			buildActionMask = 2147483647;
			files = (
			);
			inputFileListPaths = (
			);
			inputPaths = (
				"${PODS_PODFILE_DIR_PATH}/Podfile.lock",
				"${PODS_ROOT}/Manifest.lock",
			);
			name = "[CP] Check Pods Manifest.lock";
			outputFileListPaths = (
			);
			outputPaths = (
				"$(DERIVED_FILE_DIR)/Pods-geo-reminderTests-checkManifestLockResult.txt",
			);
			runOnlyForDeploymentPostprocessing = 0;
			shellPath = /bin/sh;
			shellScript = "diff \"${PODS_PODFILE_DIR_PATH}/Podfile.lock\" \"${PODS_ROOT}/Manifest.lock\" > /dev/null\nif [ $? != 0 ] ; then\n    # print error to STDERR\n    echo \"error: The sandbox is not in sync with the Podfile.lock. Run 'pod install' or update your CocoaPods installation.\" >&2\n    exit 1\nfi\n# This output is used by Xcode 'outputs' to avoid re-running this script phase.\necho \"SUCCESS\" > \"${SCRIPT_OUTPUT_FILE_0}\"\n";
			showEnvVarsInLog = 0;
		};
/* End PBXShellScriptBuildPhase section */

/* Begin PBXSourcesBuildPhase section */
		35F0A918289FC2B30011C7C1 /* Sources */ = {
			isa = PBXSourcesBuildPhase;
			buildActionMask = 2147483647;
			files = (
				35F0A962289FCBF80011C7C1 /* MapViewController.swift in Sources */,
				357AAEE828AA6D5600A1FDED /* SpeechRecognitionConfigurator.swift in Sources */,
				35675AB228B9524C0031F771 /* NotesPresenter.swift in Sources */,
				35F0A95C289FCB0F0011C7C1 /* MapContract.swift in Sources */,
				35675AB028B9523F0031F771 /* NotesController.swift in Sources */,
				35F0A924289FC2B30011C7C1 /* ViewController.swift in Sources */,
				35675AB928B9528A0031F771 /* NotesConfigurator.swift in Sources */,
				35D07C9028AAA0DE007C82DB /* CoreDataService.swift in Sources */,
				35F0A964289FCC110011C7C1 /* MapView.swift in Sources */,
				35675AB728B9527D0031F771 /* NotesContract.swift in Sources */,
				35B0B51F28B0C5FF000BF01B /* DataManager.swift in Sources */,
				357AAEE228AA6D2400A1FDED /* SpeechRecognitionViewController.swift in Sources */,
				35F0A95E289FCB460011C7C1 /* MapPresenter.swift in Sources */,
				35F0A92A289FC2B30011C7C1 /* geo_reminder.xcdatamodeld in Sources */,
				357AAEEA28AA6D6100A1FDED /* SpeechRecognitionPresenter.swift in Sources */,
				35675AAE28B9479B0031F771 /* MapViewModel.swift in Sources */,
				35675AB528B952670031F771 /* NotesView.swift in Sources */,
				35F0A956289FCA130011C7C1 /* Coordinable.swift in Sources */,
				35F0A954289FC9A00011C7C1 /* Coordinator.swift in Sources */,
				35F0A95A289FCAC80011C7C1 /* MapConfigurator.swift in Sources */,
				35B0B52428B0C845000BF01B /* NoteEntity.swift in Sources */,
				35B0B52128B0C692000BF01B /* Note.swift in Sources */,
				357AAEE428AA6D3700A1FDED /* SpeechRecognitionView.swift in Sources */,
				357AAEE628AA6D4400A1FDED /* SpeechRecognitionContract.swift in Sources */,
				35F0A920289FC2B30011C7C1 /* AppDelegate.swift in Sources */,
				35F0A922289FC2B30011C7C1 /* SceneDelegate.swift in Sources */,
			);
			runOnlyForDeploymentPostprocessing = 0;
		};
		35F0A931289FC2B50011C7C1 /* Sources */ = {
			isa = PBXSourcesBuildPhase;
			buildActionMask = 2147483647;
			files = (
				35F0A93A289FC2B50011C7C1 /* geo_reminderTests.swift in Sources */,
			);
			runOnlyForDeploymentPostprocessing = 0;
		};
		35F0A93B289FC2B50011C7C1 /* Sources */ = {
			isa = PBXSourcesBuildPhase;
			buildActionMask = 2147483647;
			files = (
				35F0A946289FC2B50011C7C1 /* geo_reminderUITestsLaunchTests.swift in Sources */,
				35F0A944289FC2B50011C7C1 /* geo_reminderUITests.swift in Sources */,
			);
			runOnlyForDeploymentPostprocessing = 0;
		};
/* End PBXSourcesBuildPhase section */

/* Begin PBXTargetDependency section */
		35F0A937289FC2B50011C7C1 /* PBXTargetDependency */ = {
			isa = PBXTargetDependency;
			target = 35F0A91B289FC2B30011C7C1 /* geo-reminder */;
			targetProxy = 35F0A936289FC2B50011C7C1 /* PBXContainerItemProxy */;
		};
		35F0A941289FC2B50011C7C1 /* PBXTargetDependency */ = {
			isa = PBXTargetDependency;
			target = 35F0A91B289FC2B30011C7C1 /* geo-reminder */;
			targetProxy = 35F0A940289FC2B50011C7C1 /* PBXContainerItemProxy */;
		};
/* End PBXTargetDependency section */

/* Begin PBXVariantGroup section */
		35F0A92D289FC2B50011C7C1 /* LaunchScreen.storyboard */ = {
			isa = PBXVariantGroup;
			children = (
				35F0A92E289FC2B50011C7C1 /* Base */,
			);
			name = LaunchScreen.storyboard;
			sourceTree = "<group>";
		};
/* End PBXVariantGroup section */

/* Begin XCBuildConfiguration section */
		35F0A947289FC2B50011C7C1 /* Debug */ = {
			isa = XCBuildConfiguration;
			buildSettings = {
				ALWAYS_SEARCH_USER_PATHS = NO;
				CLANG_ANALYZER_NONNULL = YES;
				CLANG_ANALYZER_NUMBER_OBJECT_CONVERSION = YES_AGGRESSIVE;
				CLANG_CXX_LANGUAGE_STANDARD = "gnu++17";
				CLANG_ENABLE_MODULES = YES;
				CLANG_ENABLE_OBJC_ARC = YES;
				CLANG_ENABLE_OBJC_WEAK = YES;
				CLANG_WARN_BLOCK_CAPTURE_AUTORELEASING = YES;
				CLANG_WARN_BOOL_CONVERSION = YES;
				CLANG_WARN_COMMA = YES;
				CLANG_WARN_CONSTANT_CONVERSION = YES;
				CLANG_WARN_DEPRECATED_OBJC_IMPLEMENTATIONS = YES;
				CLANG_WARN_DIRECT_OBJC_ISA_USAGE = YES_ERROR;
				CLANG_WARN_DOCUMENTATION_COMMENTS = YES;
				CLANG_WARN_EMPTY_BODY = YES;
				CLANG_WARN_ENUM_CONVERSION = YES;
				CLANG_WARN_INFINITE_RECURSION = YES;
				CLANG_WARN_INT_CONVERSION = YES;
				CLANG_WARN_NON_LITERAL_NULL_CONVERSION = YES;
				CLANG_WARN_OBJC_IMPLICIT_RETAIN_SELF = YES;
				CLANG_WARN_OBJC_LITERAL_CONVERSION = YES;
				CLANG_WARN_OBJC_ROOT_CLASS = YES_ERROR;
				CLANG_WARN_QUOTED_INCLUDE_IN_FRAMEWORK_HEADER = YES;
				CLANG_WARN_RANGE_LOOP_ANALYSIS = YES;
				CLANG_WARN_STRICT_PROTOTYPES = YES;
				CLANG_WARN_SUSPICIOUS_MOVE = YES;
				CLANG_WARN_UNGUARDED_AVAILABILITY = YES_AGGRESSIVE;
				CLANG_WARN_UNREACHABLE_CODE = YES;
				CLANG_WARN__DUPLICATE_METHOD_MATCH = YES;
				COPY_PHASE_STRIP = NO;
				DEBUG_INFORMATION_FORMAT = dwarf;
				ENABLE_STRICT_OBJC_MSGSEND = YES;
				ENABLE_TESTABILITY = YES;
				GCC_C_LANGUAGE_STANDARD = gnu11;
				GCC_DYNAMIC_NO_PIC = NO;
				GCC_NO_COMMON_BLOCKS = YES;
				GCC_OPTIMIZATION_LEVEL = 0;
				GCC_PREPROCESSOR_DEFINITIONS = (
					"DEBUG=1",
					"$(inherited)",
				);
				GCC_WARN_64_TO_32_BIT_CONVERSION = YES;
				GCC_WARN_ABOUT_RETURN_TYPE = YES_ERROR;
				GCC_WARN_UNDECLARED_SELECTOR = YES;
				GCC_WARN_UNINITIALIZED_AUTOS = YES_AGGRESSIVE;
				GCC_WARN_UNUSED_FUNCTION = YES;
				GCC_WARN_UNUSED_VARIABLE = YES;
				IPHONEOS_DEPLOYMENT_TARGET = 15.5;
				MTL_ENABLE_DEBUG_INFO = INCLUDE_SOURCE;
				MTL_FAST_MATH = YES;
				ONLY_ACTIVE_ARCH = YES;
				SDKROOT = iphoneos;
				SWIFT_ACTIVE_COMPILATION_CONDITIONS = DEBUG;
				SWIFT_OPTIMIZATION_LEVEL = "-Onone";
			};
			name = Debug;
		};
		35F0A948289FC2B50011C7C1 /* Release */ = {
			isa = XCBuildConfiguration;
			buildSettings = {
				ALWAYS_SEARCH_USER_PATHS = NO;
				CLANG_ANALYZER_NONNULL = YES;
				CLANG_ANALYZER_NUMBER_OBJECT_CONVERSION = YES_AGGRESSIVE;
				CLANG_CXX_LANGUAGE_STANDARD = "gnu++17";
				CLANG_ENABLE_MODULES = YES;
				CLANG_ENABLE_OBJC_ARC = YES;
				CLANG_ENABLE_OBJC_WEAK = YES;
				CLANG_WARN_BLOCK_CAPTURE_AUTORELEASING = YES;
				CLANG_WARN_BOOL_CONVERSION = YES;
				CLANG_WARN_COMMA = YES;
				CLANG_WARN_CONSTANT_CONVERSION = YES;
				CLANG_WARN_DEPRECATED_OBJC_IMPLEMENTATIONS = YES;
				CLANG_WARN_DIRECT_OBJC_ISA_USAGE = YES_ERROR;
				CLANG_WARN_DOCUMENTATION_COMMENTS = YES;
				CLANG_WARN_EMPTY_BODY = YES;
				CLANG_WARN_ENUM_CONVERSION = YES;
				CLANG_WARN_INFINITE_RECURSION = YES;
				CLANG_WARN_INT_CONVERSION = YES;
				CLANG_WARN_NON_LITERAL_NULL_CONVERSION = YES;
				CLANG_WARN_OBJC_IMPLICIT_RETAIN_SELF = YES;
				CLANG_WARN_OBJC_LITERAL_CONVERSION = YES;
				CLANG_WARN_OBJC_ROOT_CLASS = YES_ERROR;
				CLANG_WARN_QUOTED_INCLUDE_IN_FRAMEWORK_HEADER = YES;
				CLANG_WARN_RANGE_LOOP_ANALYSIS = YES;
				CLANG_WARN_STRICT_PROTOTYPES = YES;
				CLANG_WARN_SUSPICIOUS_MOVE = YES;
				CLANG_WARN_UNGUARDED_AVAILABILITY = YES_AGGRESSIVE;
				CLANG_WARN_UNREACHABLE_CODE = YES;
				CLANG_WARN__DUPLICATE_METHOD_MATCH = YES;
				COPY_PHASE_STRIP = NO;
				DEBUG_INFORMATION_FORMAT = "dwarf-with-dsym";
				ENABLE_NS_ASSERTIONS = NO;
				ENABLE_STRICT_OBJC_MSGSEND = YES;
				GCC_C_LANGUAGE_STANDARD = gnu11;
				GCC_NO_COMMON_BLOCKS = YES;
				GCC_WARN_64_TO_32_BIT_CONVERSION = YES;
				GCC_WARN_ABOUT_RETURN_TYPE = YES_ERROR;
				GCC_WARN_UNDECLARED_SELECTOR = YES;
				GCC_WARN_UNINITIALIZED_AUTOS = YES_AGGRESSIVE;
				GCC_WARN_UNUSED_FUNCTION = YES;
				GCC_WARN_UNUSED_VARIABLE = YES;
				IPHONEOS_DEPLOYMENT_TARGET = 15.5;
				MTL_ENABLE_DEBUG_INFO = NO;
				MTL_FAST_MATH = YES;
				SDKROOT = iphoneos;
				SWIFT_COMPILATION_MODE = wholemodule;
				SWIFT_OPTIMIZATION_LEVEL = "-O";
				VALIDATE_PRODUCT = YES;
			};
			name = Release;
		};
		35F0A94A289FC2B50011C7C1 /* Debug */ = {
			isa = XCBuildConfiguration;
			baseConfigurationReference = 7C4CB80B93F41E448748E212 /* Pods-geo-reminder.debug.xcconfig */;
			buildSettings = {
				ASSETCATALOG_COMPILER_APPICON_NAME = AppIcon;
				ASSETCATALOG_COMPILER_GLOBAL_ACCENT_COLOR_NAME = AccentColor;
				CODE_SIGN_STYLE = Automatic;
				CURRENT_PROJECT_VERSION = 1;
				DEVELOPMENT_TEAM = 7AJR6C42G5;
				GENERATE_INFOPLIST_FILE = YES;
				INFOPLIST_FILE = "geo-reminder/Info.plist";
				INFOPLIST_KEY_UIApplicationSupportsIndirectInputEvents = YES;
				INFOPLIST_KEY_UILaunchStoryboardName = LaunchScreen;
				INFOPLIST_KEY_UISupportedInterfaceOrientations = UIInterfaceOrientationPortrait;
				INFOPLIST_KEY_UISupportedInterfaceOrientations_iPad = "UIInterfaceOrientationPortrait UIInterfaceOrientationPortraitUpsideDown UIInterfaceOrientationLandscapeLeft UIInterfaceOrientationLandscapeRight";
				INFOPLIST_KEY_UISupportedInterfaceOrientations_iPhone = "UIInterfaceOrientationPortrait UIInterfaceOrientationLandscapeLeft UIInterfaceOrientationLandscapeRight";
				IPHONEOS_DEPLOYMENT_TARGET = 13.0;
				LD_RUNPATH_SEARCH_PATHS = (
					"$(inherited)",
					"@executable_path/Frameworks",
				);
				MARKETING_VERSION = 1.0;
				PRODUCT_BUNDLE_IDENTIFIER = "app.vitaliyEmelyanov.geo-reminder";
				PRODUCT_NAME = "$(TARGET_NAME)";
				SWIFT_EMIT_LOC_STRINGS = YES;
				SWIFT_VERSION = 5.0;
				TARGETED_DEVICE_FAMILY = 1;
			};
			name = Debug;
		};
		35F0A94B289FC2B50011C7C1 /* Release */ = {
			isa = XCBuildConfiguration;
			baseConfigurationReference = 7F8ACD0DB673F7EC13D54B3D /* Pods-geo-reminder.release.xcconfig */;
			buildSettings = {
				ASSETCATALOG_COMPILER_APPICON_NAME = AppIcon;
				ASSETCATALOG_COMPILER_GLOBAL_ACCENT_COLOR_NAME = AccentColor;
				CODE_SIGN_STYLE = Automatic;
				CURRENT_PROJECT_VERSION = 1;
				DEVELOPMENT_TEAM = 7AJR6C42G5;
				GENERATE_INFOPLIST_FILE = YES;
				INFOPLIST_FILE = "geo-reminder/Info.plist";
				INFOPLIST_KEY_UIApplicationSupportsIndirectInputEvents = YES;
				INFOPLIST_KEY_UILaunchStoryboardName = LaunchScreen;
				INFOPLIST_KEY_UISupportedInterfaceOrientations = UIInterfaceOrientationPortrait;
				INFOPLIST_KEY_UISupportedInterfaceOrientations_iPad = "UIInterfaceOrientationPortrait UIInterfaceOrientationPortraitUpsideDown UIInterfaceOrientationLandscapeLeft UIInterfaceOrientationLandscapeRight";
				INFOPLIST_KEY_UISupportedInterfaceOrientations_iPhone = "UIInterfaceOrientationPortrait UIInterfaceOrientationLandscapeLeft UIInterfaceOrientationLandscapeRight";
				IPHONEOS_DEPLOYMENT_TARGET = 13.0;
				LD_RUNPATH_SEARCH_PATHS = (
					"$(inherited)",
					"@executable_path/Frameworks",
				);
				MARKETING_VERSION = 1.0;
				PRODUCT_BUNDLE_IDENTIFIER = "app.vitaliyEmelyanov.geo-reminder";
				PRODUCT_NAME = "$(TARGET_NAME)";
				SWIFT_EMIT_LOC_STRINGS = YES;
				SWIFT_VERSION = 5.0;
				TARGETED_DEVICE_FAMILY = 1;
			};
			name = Release;
		};
		35F0A94D289FC2B50011C7C1 /* Debug */ = {
			isa = XCBuildConfiguration;
			baseConfigurationReference = 0B46941B10AFEEA3D3C3F031 /* Pods-geo-reminderTests.debug.xcconfig */;
			buildSettings = {
				ALWAYS_EMBED_SWIFT_STANDARD_LIBRARIES = YES;
				BUNDLE_LOADER = "$(TEST_HOST)";
				CODE_SIGN_STYLE = Automatic;
				CURRENT_PROJECT_VERSION = 1;
				DEVELOPMENT_TEAM = 7AJR6C42G5;
				GENERATE_INFOPLIST_FILE = YES;
				IPHONEOS_DEPLOYMENT_TARGET = 15.5;
				MARKETING_VERSION = 1.0;
				PRODUCT_BUNDLE_IDENTIFIER = "app.vitaliyEmelyanov.geo-reminderTests";
				PRODUCT_NAME = "$(TARGET_NAME)";
				SWIFT_EMIT_LOC_STRINGS = NO;
				SWIFT_VERSION = 5.0;
				TARGETED_DEVICE_FAMILY = "1,2";
				TEST_HOST = "$(BUILT_PRODUCTS_DIR)/geo-reminder.app/geo-reminder";
			};
			name = Debug;
		};
		35F0A94E289FC2B50011C7C1 /* Release */ = {
			isa = XCBuildConfiguration;
			baseConfigurationReference = 18AEE8652C57CBB13C275AD0 /* Pods-geo-reminderTests.release.xcconfig */;
			buildSettings = {
				ALWAYS_EMBED_SWIFT_STANDARD_LIBRARIES = YES;
				BUNDLE_LOADER = "$(TEST_HOST)";
				CODE_SIGN_STYLE = Automatic;
				CURRENT_PROJECT_VERSION = 1;
				DEVELOPMENT_TEAM = 7AJR6C42G5;
				GENERATE_INFOPLIST_FILE = YES;
				IPHONEOS_DEPLOYMENT_TARGET = 15.5;
				MARKETING_VERSION = 1.0;
				PRODUCT_BUNDLE_IDENTIFIER = "app.vitaliyEmelyanov.geo-reminderTests";
				PRODUCT_NAME = "$(TARGET_NAME)";
				SWIFT_EMIT_LOC_STRINGS = NO;
				SWIFT_VERSION = 5.0;
				TARGETED_DEVICE_FAMILY = "1,2";
				TEST_HOST = "$(BUILT_PRODUCTS_DIR)/geo-reminder.app/geo-reminder";
			};
			name = Release;
		};
		35F0A950289FC2B50011C7C1 /* Debug */ = {
			isa = XCBuildConfiguration;
			baseConfigurationReference = 8F11902D01532366F5CA1C03 /* Pods-geo-reminder-geo-reminderUITests.debug.xcconfig */;
			buildSettings = {
				ALWAYS_EMBED_SWIFT_STANDARD_LIBRARIES = YES;
				CODE_SIGN_STYLE = Automatic;
				CURRENT_PROJECT_VERSION = 1;
				DEVELOPMENT_TEAM = 7AJR6C42G5;
				GENERATE_INFOPLIST_FILE = YES;
				MARKETING_VERSION = 1.0;
				PRODUCT_BUNDLE_IDENTIFIER = "app.vitaliyEmelyanov.geo-reminderUITests";
				PRODUCT_NAME = "$(TARGET_NAME)";
				SWIFT_EMIT_LOC_STRINGS = NO;
				SWIFT_VERSION = 5.0;
				TARGETED_DEVICE_FAMILY = "1,2";
				TEST_TARGET_NAME = "geo-reminder";
			};
			name = Debug;
		};
		35F0A951289FC2B50011C7C1 /* Release */ = {
			isa = XCBuildConfiguration;
			baseConfigurationReference = 381C2730099B4A2DCF34B78E /* Pods-geo-reminder-geo-reminderUITests.release.xcconfig */;
			buildSettings = {
				ALWAYS_EMBED_SWIFT_STANDARD_LIBRARIES = YES;
				CODE_SIGN_STYLE = Automatic;
				CURRENT_PROJECT_VERSION = 1;
				DEVELOPMENT_TEAM = 7AJR6C42G5;
				GENERATE_INFOPLIST_FILE = YES;
				MARKETING_VERSION = 1.0;
				PRODUCT_BUNDLE_IDENTIFIER = "app.vitaliyEmelyanov.geo-reminderUITests";
				PRODUCT_NAME = "$(TARGET_NAME)";
				SWIFT_EMIT_LOC_STRINGS = NO;
				SWIFT_VERSION = 5.0;
				TARGETED_DEVICE_FAMILY = "1,2";
				TEST_TARGET_NAME = "geo-reminder";
			};
			name = Release;
		};
/* End XCBuildConfiguration section */

/* Begin XCConfigurationList section */
		35F0A917289FC2B30011C7C1 /* Build configuration list for PBXProject "geo-reminder" */ = {
			isa = XCConfigurationList;
			buildConfigurations = (
				35F0A947289FC2B50011C7C1 /* Debug */,
				35F0A948289FC2B50011C7C1 /* Release */,
			);
			defaultConfigurationIsVisible = 0;
			defaultConfigurationName = Release;
		};
		35F0A949289FC2B50011C7C1 /* Build configuration list for PBXNativeTarget "geo-reminder" */ = {
			isa = XCConfigurationList;
			buildConfigurations = (
				35F0A94A289FC2B50011C7C1 /* Debug */,
				35F0A94B289FC2B50011C7C1 /* Release */,
			);
			defaultConfigurationIsVisible = 0;
			defaultConfigurationName = Release;
		};
		35F0A94C289FC2B50011C7C1 /* Build configuration list for PBXNativeTarget "geo-reminderTests" */ = {
			isa = XCConfigurationList;
			buildConfigurations = (
				35F0A94D289FC2B50011C7C1 /* Debug */,
				35F0A94E289FC2B50011C7C1 /* Release */,
			);
			defaultConfigurationIsVisible = 0;
			defaultConfigurationName = Release;
		};
		35F0A94F289FC2B50011C7C1 /* Build configuration list for PBXNativeTarget "geo-reminderUITests" */ = {
			isa = XCConfigurationList;
			buildConfigurations = (
				35F0A950289FC2B50011C7C1 /* Debug */,
				35F0A951289FC2B50011C7C1 /* Release */,
			);
			defaultConfigurationIsVisible = 0;
			defaultConfigurationName = Release;
		};
/* End XCConfigurationList section */

/* Begin XCVersionGroup section */
		35F0A928289FC2B30011C7C1 /* geo_reminder.xcdatamodeld */ = {
			isa = XCVersionGroup;
			children = (
				35F0A929289FC2B30011C7C1 /* geo_reminder.xcdatamodel */,
			);
			currentVersion = 35F0A929289FC2B30011C7C1 /* geo_reminder.xcdatamodel */;
			path = geo_reminder.xcdatamodeld;
			sourceTree = "<group>";
			versionGroupType = wrapper.xcdatamodel;
		};
/* End XCVersionGroup section */
	};
	rootObject = 35F0A914289FC2B30011C7C1 /* Project object */;
}
